
Microsoft Visual Studio Solution File, Format Version 12.00
Project("{FAE04EC0-301F-11D3-BF4B-00C04F79EFBC}") = "RabbitMq.Contract", "RabbitMq.Contract.csproj", "{9C5D37F0-C495-4FCF-B666-0A6679BF6CAE}"
EndProject
Global
	GlobalSection(SolutionConfigurationPlatforms) = preSolution
		Debug|Any CPU = Debug|Any CPU
		Release|Any CPU = Release|Any CPU
	EndGlobalSection
	GlobalSection(ProjectConfigurationPlatforms) = postSolution
		{9C5D37F0-C495-4FCF-B666-0A6679BF6CAE}.Debug|Any CPU.ActiveCfg = Debug|Any CPU
		{9C5D37F0-C495-4FCF-B666-0A6679BF6CAE}.Debug|Any CPU.Build.0 = Debug|Any CPU
		{9C5D37F0-C495-4FCF-B666-0A6679BF6CAE}.Release|Any CPU.ActiveCfg = Release|Any CPU
		{9C5D37F0-C495-4FCF-B666-0A6679BF6CAE}.Release|Any CPU.Build.0 = Release|Any CPU
	EndGlobalSection
EndGlobal
