
Microsoft Visual Studio Solution File, Format Version 12.00
Project("{FAE04EC0-301F-11D3-BF4B-00C04F79EFBC}") = "Consummer.RabbitMq", "Consummer.RabbitMq.csproj", "{D569684B-0AEE-4B83-BC12-415BD2FDCDDA}"
EndProject
Global
	GlobalSection(SolutionConfigurationPlatforms) = preSolution
		Debug|Any CPU = Debug|Any CPU
		Release|Any CPU = Release|Any CPU
	EndGlobalSection
	GlobalSection(ProjectConfigurationPlatforms) = postSolution
		{D569684B-0AEE-4B83-BC12-415BD2FDCDDA}.Debug|Any CPU.ActiveCfg = Debug|Any CPU
		{D569684B-0AEE-4B83-BC12-415BD2FDCDDA}.Debug|Any CPU.Build.0 = Debug|Any CPU
		{D569684B-0AEE-4B83-BC12-415BD2FDCDDA}.Release|Any CPU.ActiveCfg = Release|Any CPU
		{D569684B-0AEE-4B83-BC12-415BD2FDCDDA}.Release|Any CPU.Build.0 = Release|Any CPU
	EndGlobalSection
EndGlobal
